
Microsoft Visual Studio Solution File, Format Version 12.00
# Visual Studio Version 17
VisualStudioVersion = 17.14.36414.22 d17.14
MinimumVisualStudioVersion = 10.0.40219.1
Project("{2150E333-8FDC-42A3-9474-1A3956D46DE8}") = "Task0", "Task0", "{02EA681E-C7D8-13C7-8484-4AC65E1B71E8}"
EndProject
Project("{FAE04EC0-301F-11D3-BF4B-00C04F79EFBC}") = "Tyuiu.RusinVV.Sprint0.Task0.V0", "Tyuiu.RusinVV.Sprint0.Task0.V0\Tyuiu.RusinVV.Sprint0.Task0.V0.csproj", "{E2137A4A-6E92-4952-87EC-E94DF98C324E}"
EndProject
Project("{2150E333-8FDC-42A3-9474-1A3956D46DE8}") = "Task1", "Task1", "{E02041BF-525B-4F16-BF77-723F5004FCB0}"
EndProject
Project("{FAE04EC0-301F-11D3-BF4B-00C04F79EFBC}") = "Tyuiu.RusinVV.Sprint0.Task1.V0", "Tyuiu.RusinVV.Sprint0.Task1.V0\Tyuiu.RusinVV.Sprint0.Task1.V0.csproj", "{D3FA49DD-38EC-43D8-861A-764E1DABAEEC}"
EndProject
Project("{2150E333-8FDC-42A3-9474-1A3956D46DE8}") = "Task2", "Task2", "{C672854E-71CE-4DC2-85EA-39B2FB9F0E35}"
EndProject
Project("{FAE04EC0-301F-11D3-BF4B-00C04F79EFBC}") = "Tyuiu.RusinVV.Sprint0.Task2.V0", "Tyuiu.RusinVV.Sprint0.Task2.V0\Tyuiu.RusinVV.Sprint0.Task2.V0.csproj", "{3A4EB174-FDB0-431E-8676-AA9B982EE2F5}"
EndProject
Project("{FAE04EC0-301F-11D3-BF4B-00C04F79EFBC}") = "Tyuiu.RusinVV.Sprint0.Task2.V0.Lib", "Tyuiu.RusinVV.Sprint0.Task2.V0.Lib\Tyuiu.RusinVV.Sprint0.Task2.V0.Lib.csproj", "{70C06498-E66A-480E-8054-2657E0D65563}"
EndProject
Project("{FAE04EC0-301F-11D3-BF4B-00C04F79EFBC}") = "Tyuiu.RusinVV.Sprint0.Task2.V0.Test", "Tyuiu.RusinVV.Sprint0.Task2.V0.Test\Tyuiu.RusinVV.Sprint0.Task2.V0.Test.csproj", "{1F4E8840-C697-43C4-9923-DD6144C9484C}"
EndProject
Global
	GlobalSection(SolutionConfigurationPlatforms) = preSolution
		Debug|Any CPU = Debug|Any CPU
		Release|Any CPU = Release|Any CPU
	EndGlobalSection
	GlobalSection(ProjectConfigurationPlatforms) = postSolution
		{E2137A4A-6E92-4952-87EC-E94DF98C324E}.Debug|Any CPU.ActiveCfg = Debug|Any CPU
		{E2137A4A-6E92-4952-87EC-E94DF98C324E}.Debug|Any CPU.Build.0 = Debug|Any CPU
		{E2137A4A-6E92-4952-87EC-E94DF98C324E}.Release|Any CPU.ActiveCfg = Release|Any CPU
		{E2137A4A-6E92-4952-87EC-E94DF98C324E}.Release|Any CPU.Build.0 = Release|Any CPU
		{D3FA49DD-38EC-43D8-861A-764E1DABAEEC}.Debug|Any CPU.ActiveCfg = Debug|Any CPU
		{D3FA49DD-38EC-43D8-861A-764E1DABAEEC}.Debug|Any CPU.Build.0 = Debug|Any CPU
		{D3FA49DD-38EC-43D8-861A-764E1DABAEEC}.Release|Any CPU.ActiveCfg = Release|Any CPU
		{D3FA49DD-38EC-43D8-861A-764E1DABAEEC}.Release|Any CPU.Build.0 = Release|Any CPU
		{3A4EB174-FDB0-431E-8676-AA9B982EE2F5}.Debug|Any CPU.ActiveCfg = Debug|Any CPU
		{3A4EB174-FDB0-431E-8676-AA9B982EE2F5}.Debug|Any CPU.Build.0 = Debug|Any CPU
		{3A4EB174-FDB0-431E-8676-AA9B982EE2F5}.Release|Any CPU.ActiveCfg = Release|Any CPU
		{3A4EB174-FDB0-431E-8676-AA9B982EE2F5}.Release|Any CPU.Build.0 = Release|Any CPU
		{70C06498-E66A-480E-8054-2657E0D65563}.Debug|Any CPU.ActiveCfg = Debug|Any CPU
		{70C06498-E66A-480E-8054-2657E0D65563}.Debug|Any CPU.Build.0 = Debug|Any CPU
		{70C06498-E66A-480E-8054-2657E0D65563}.Release|Any CPU.ActiveCfg = Release|Any CPU
		{70C06498-E66A-480E-8054-2657E0D65563}.Release|Any CPU.Build.0 = Release|Any CPU
		{1F4E8840-C697-43C4-9923-DD6144C9484C}.Debug|Any CPU.ActiveCfg = Debug|Any CPU
		{1F4E8840-C697-43C4-9923-DD6144C9484C}.Debug|Any CPU.Build.0 = Debug|Any CPU
		{1F4E8840-C697-43C4-9923-DD6144C9484C}.Release|Any CPU.ActiveCfg = Release|Any CPU
		{1F4E8840-C697-43C4-9923-DD6144C9484C}.Release|Any CPU.Build.0 = Release|Any CPU
	EndGlobalSection
	GlobalSection(SolutionProperties) = preSolution
		HideSolutionNode = FALSE
	EndGlobalSection
	GlobalSection(NestedProjects) = preSolution
		{E2137A4A-6E92-4952-87EC-E94DF98C324E} = {02EA681E-C7D8-13C7-8484-4AC65E1B71E8}
		{D3FA49DD-38EC-43D8-861A-764E1DABAEEC} = {E02041BF-525B-4F16-BF77-723F5004FCB0}
		{3A4EB174-FDB0-431E-8676-AA9B982EE2F5} = {C672854E-71CE-4DC2-85EA-39B2FB9F0E35}
		{70C06498-E66A-480E-8054-2657E0D65563} = {C672854E-71CE-4DC2-85EA-39B2FB9F0E35}
		{1F4E8840-C697-43C4-9923-DD6144C9484C} = {C672854E-71CE-4DC2-85EA-39B2FB9F0E35}
	EndGlobalSection
	GlobalSection(ExtensibilityGlobals) = postSolution
		SolutionGuid = {435C2627-8377-4051-9D79-25BBDBF2203A}
	EndGlobalSection
EndGlobal
